// !$*UTF8*$!
{
	archiveVersion = 1;
	classes = {
	};
	objectVersion = 48;
	objects = {

/* Begin PBXBuildFile section */
		32CA8A5B40C118BB480FAC9D /* Pods_KZ_AudioConverter.framework in Frameworks */ = {isa = PBXBuildFile; fileRef = 1908C8DA0B03234EE61BC899 /* Pods_KZ_AudioConverter.framework */; };
		AE0D1CFC1F7CE362000160DB /* AppDelegate.m in Sources */ = {isa = PBXBuildFile; fileRef = AE0D1CFB1F7CE362000160DB /* AppDelegate.m */; };
		AE0D1CFF1F7CE362000160DB /* ViewController.m in Sources */ = {isa = PBXBuildFile; fileRef = AE0D1CFE1F7CE362000160DB /* ViewController.m */; };
		AE0D1D021F7CE362000160DB /* Main.storyboard in Resources */ = {isa = PBXBuildFile; fileRef = AE0D1D001F7CE362000160DB /* Main.storyboard */; };
		AE0D1D041F7CE362000160DB /* Assets.xcassets in Resources */ = {isa = PBXBuildFile; fileRef = AE0D1D031F7CE362000160DB /* Assets.xcassets */; };
		AE0D1D071F7CE362000160DB /* LaunchScreen.storyboard in Resources */ = {isa = PBXBuildFile; fileRef = AE0D1D051F7CE362000160DB /* LaunchScreen.storyboard */; };
		AE0D1D0A1F7CE362000160DB /* main.m in Sources */ = {isa = PBXBuildFile; fileRef = AE0D1D091F7CE362000160DB /* main.m */; };
		AEDC0EA81FC1A1CB00752728 /* 001.amr in Resources */ = {isa = PBXBuildFile; fileRef = AEDC0EA71FC1A1CB00752728 /* 001.amr */; };
		AEDC0EDA1FC1A2C800752728 /* libc++.tbd in Frameworks */ = {isa = PBXBuildFile; fileRef = AEDC0ED91FC1A28B00752728 /* libc++.tbd */; };
		AEDC0EEC1FC1A5B400752728 /* KZ_AudioConverterFramework.framework in Frameworks */ = {isa = PBXBuildFile; fileRef = AEDC0EEB1FC1A5B400752728 /* KZ_AudioConverterFramework.framework */; };
/* End PBXBuildFile section */

/* Begin PBXCopyFilesBuildPhase section */
		AEDC0EBA1FC1A23D00752728 /* Embed Frameworks */ = {
			isa = PBXCopyFilesBuildPhase;
			buildActionMask = 2147483647;
			dstPath = "";
			dstSubfolderSpec = 10;
			files = (
			);
			name = "Embed Frameworks";
			runOnlyForDeploymentPostprocessing = 0;
		};
/* End PBXCopyFilesBuildPhase section */

/* Begin PBXFileReference section */
		063E728CBAC9134A10BB5AE7 /* Pods-KZ_AudioConverter.debug.xcconfig */ = {isa = PBXFileReference; includeInIndex = 1; lastKnownFileType = text.xcconfig; name = "Pods-KZ_AudioConverter.debug.xcconfig"; path = "Pods/Target Support Files/Pods-KZ_AudioConverter/Pods-KZ_AudioConverter.debug.xcconfig"; sourceTree = "<group>"; };
		1908C8DA0B03234EE61BC899 /* Pods_KZ_AudioConverter.framework */ = {isa = PBXFileReference; explicitFileType = wrapper.framework; includeInIndex = 0; path = Pods_KZ_AudioConverter.framework; sourceTree = BUILT_PRODUCTS_DIR; };
		2A4C839CEACF4767856DB0D2 /* Pods-KZ_AudioConverter.release.xcconfig */ = {isa = PBXFileReference; includeInIndex = 1; lastKnownFileType = text.xcconfig; name = "Pods-KZ_AudioConverter.release.xcconfig"; path = "Pods/Target Support Files/Pods-KZ_AudioConverter/Pods-KZ_AudioConverter.release.xcconfig"; sourceTree = "<group>"; };
		AE0D1CF71F7CE362000160DB /* KZ_AudioConverter.app */ = {isa = PBXFileReference; explicitFileType = wrapper.application; includeInIndex = 0; path = KZ_AudioConverter.app; sourceTree = BUILT_PRODUCTS_DIR; };
		AE0D1CFA1F7CE362000160DB /* AppDelegate.h */ = {isa = PBXFileReference; lastKnownFileType = sourcecode.c.h; path = AppDelegate.h; sourceTree = "<group>"; };
		AE0D1CFB1F7CE362000160DB /* AppDelegate.m */ = {isa = PBXFileReference; lastKnownFileType = sourcecode.c.objc; path = AppDelegate.m; sourceTree = "<group>"; };
		AE0D1CFD1F7CE362000160DB /* ViewController.h */ = {isa = PBXFileReference; lastKnownFileType = sourcecode.c.h; path = ViewController.h; sourceTree = "<group>"; };
		AE0D1CFE1F7CE362000160DB /* ViewController.m */ = {isa = PBXFileReference; lastKnownFileType = sourcecode.c.objc; path = ViewController.m; sourceTree = "<group>"; };
		AE0D1D011F7CE362000160DB /* Base */ = {isa = PBXFileReference; lastKnownFileType = file.storyboard; name = Base; path = Base.lproj/Main.storyboard; sourceTree = "<group>"; };
		AE0D1D031F7CE362000160DB /* Assets.xcassets */ = {isa = PBXFileReference; lastKnownFileType = folder.assetcatalog; path = Assets.xcassets; sourceTree = "<group>"; };
		AE0D1D061F7CE362000160DB /* Base */ = {isa = PBXFileReference; lastKnownFileType = file.storyboard; name = Base; path = Base.lproj/LaunchScreen.storyboard; sourceTree = "<group>"; };
		AE0D1D081F7CE362000160DB /* Info.plist */ = {isa = PBXFileReference; lastKnownFileType = text.plist.xml; path = Info.plist; sourceTree = "<group>"; };
		AE0D1D091F7CE362000160DB /* main.m */ = {isa = PBXFileReference; lastKnownFileType = sourcecode.c.objc; path = main.m; sourceTree = "<group>"; };
		AEDC0EA71FC1A1CB00752728 /* 001.amr */ = {isa = PBXFileReference; lastKnownFileType = file; path = 001.amr; sourceTree = "<group>"; };
		AEDC0ED91FC1A28B00752728 /* libc++.tbd */ = {isa = PBXFileReference; lastKnownFileType = "sourcecode.text-based-dylib-definition"; name = "libc++.tbd"; path = "usr/lib/libc++.tbd"; sourceTree = SDKROOT; };
		AEDC0EEB1FC1A5B400752728 /* KZ_AudioConverterFramework.framework */ = {isa = PBXFileReference; lastKnownFileType = wrapper.framework; path = KZ_AudioConverterFramework.framework; sourceTree = "<group>"; };
/* End PBXFileReference section */

/* Begin PBXFrameworksBuildPhase section */
		AE0D1CF41F7CE362000160DB /* Frameworks */ = {
			isa = PBXFrameworksBuildPhase;
			buildActionMask = 2147483647;
			files = (
				AEDC0EDA1FC1A2C800752728 /* libc++.tbd in Frameworks */,
				AEDC0EEC1FC1A5B400752728 /* KZ_AudioConverterFramework.framework in Frameworks */,
				32CA8A5B40C118BB480FAC9D /* Pods_KZ_AudioConverter.framework in Frameworks */,
			);
			runOnlyForDeploymentPostprocessing = 0;
		};
/* End PBXFrameworksBuildPhase section */

/* Begin PBXGroup section */
		AE0D1CEE1F7CE362000160DB = {
			isa = PBXGroup;
			children = (
				AE0D1CF91F7CE362000160DB /* KZ_AudioConverter */,
				AE0D1CF81F7CE362000160DB /* Products */,
				AEDC0ED81FC1A28B00752728 /* Frameworks */,
				F899E676FA9CEFD9847D8996 /* Pods */,
			);
			sourceTree = "<group>";
		};
		AE0D1CF81F7CE362000160DB /* Products */ = {
			isa = PBXGroup;
			children = (
				AE0D1CF71F7CE362000160DB /* KZ_AudioConverter.app */,
			);
			name = Products;
			sourceTree = "<group>";
		};
		AE0D1CF91F7CE362000160DB /* KZ_AudioConverter */ = {
			isa = PBXGroup;
			children = (
				AE0D1CFA1F7CE362000160DB /* AppDelegate.h */,
				AE0D1CFB1F7CE362000160DB /* AppDelegate.m */,
				AE0D1CFD1F7CE362000160DB /* ViewController.h */,
				AE0D1CFE1F7CE362000160DB /* ViewController.m */,
				AEDC0EA71FC1A1CB00752728 /* 001.amr */,
				AEDC0EEA1FC1A5B400752728 /* AudioConverter */,
				AE0D1D001F7CE362000160DB /* Main.storyboard */,
				AE0D1D031F7CE362000160DB /* Assets.xcassets */,
				AE0D1D051F7CE362000160DB /* LaunchScreen.storyboard */,
				AE0D1D081F7CE362000160DB /* Info.plist */,
				AE0D1D091F7CE362000160DB /* main.m */,
			);
			path = KZ_AudioConverter;
			sourceTree = "<group>";
		};
		AEDC0ED81FC1A28B00752728 /* Frameworks */ = {
			isa = PBXGroup;
			children = (
				AEDC0ED91FC1A28B00752728 /* libc++.tbd */,
				1908C8DA0B03234EE61BC899 /* Pods_KZ_AudioConverter.framework */,
			);
			name = Frameworks;
			sourceTree = "<group>";
		};
		AEDC0EEA1FC1A5B400752728 /* AudioConverter */ = {
			isa = PBXGroup;
			children = (
				AEDC0EEB1FC1A5B400752728 /* KZ_AudioConverterFramework.framework */,
			);
			path = AudioConverter;
			sourceTree = "<group>";
		};
		F899E676FA9CEFD9847D8996 /* Pods */ = {
			isa = PBXGroup;
			children = (
				063E728CBAC9134A10BB5AE7 /* Pods-KZ_AudioConverter.debug.xcconfig */,
				2A4C839CEACF4767856DB0D2 /* Pods-KZ_AudioConverter.release.xcconfig */,
			);
			name = Pods;
			sourceTree = "<group>";
		};
/* End PBXGroup section */

/* Begin PBXNativeTarget section */
		AE0D1CF61F7CE362000160DB /* KZ_AudioConverter */ = {
			isa = PBXNativeTarget;
			buildConfigurationList = AE0D1D0D1F7CE362000160DB /* Build configuration list for PBXNativeTarget "KZ_AudioConverter" */;
			buildPhases = (
				5773FF6C97C74563874C353E /* [CP] Check Pods Manifest.lock */,
				AE0D1CF31F7CE362000160DB /* Sources */,
				AE0D1CF41F7CE362000160DB /* Frameworks */,
				AE0D1CF51F7CE362000160DB /* Resources */,
				AEDC0EBA1FC1A23D00752728 /* Embed Frameworks */,
				434436DE62A077DD63E773C3 /* [CP] Embed Pods Frameworks */,
				95D509480C33884995E429E7 /* [CP] Copy Pods Resources */,
			);
			buildRules = (
			);
			dependencies = (
			);
			name = KZ_AudioConverter;
			productName = KZ_AudioConverter;
			productReference = AE0D1CF71F7CE362000160DB /* KZ_AudioConverter.app */;
			productType = "com.apple.product-type.application";
		};
/* End PBXNativeTarget section */

/* Begin PBXProject section */
		AE0D1CEF1F7CE362000160DB /* Project object */ = {
			isa = PBXProject;
			attributes = {
				LastUpgradeCheck = 0900;
				ORGANIZATIONNAME = "Kieron Zhang";
				TargetAttributes = {
					AE0D1CF61F7CE362000160DB = {
						CreatedOnToolsVersion = 9.0;
						ProvisioningStyle = Automatic;
					};
				};
			};
			buildConfigurationList = AE0D1CF21F7CE362000160DB /* Build configuration list for PBXProject "KZ_AudioConverter" */;
			compatibilityVersion = "Xcode 8.0";
			developmentRegion = en;
			hasScannedForEncodings = 0;
			knownRegions = (
				en,
				Base,
			);
			mainGroup = AE0D1CEE1F7CE362000160DB;
			productRefGroup = AE0D1CF81F7CE362000160DB /* Products */;
			projectDirPath = "";
			projectRoot = "";
			targets = (
				AE0D1CF61F7CE362000160DB /* KZ_AudioConverter */,
			);
		};
/* End PBXProject section */

/* Begin PBXResourcesBuildPhase section */
		AE0D1CF51F7CE362000160DB /* Resources */ = {
			isa = PBXResourcesBuildPhase;
			buildActionMask = 2147483647;
			files = (
				AE0D1D071F7CE362000160DB /* LaunchScreen.storyboard in Resources */,
				AEDC0EA81FC1A1CB00752728 /* 001.amr in Resources */,
				AE0D1D041F7CE362000160DB /* Assets.xcassets in Resources */,
				AE0D1D021F7CE362000160DB /* Main.storyboard in Resources */,
			);
			runOnlyForDeploymentPostprocessing = 0;
		};
/* End PBXResourcesBuildPhase section */

/* Begin PBXShellScriptBuildPhase section */
		434436DE62A077DD63E773C3 /* [CP] Embed Pods Frameworks */ = {
			isa = PBXShellScriptBuildPhase;
			buildActionMask = 2147483647;
			files = (
			);
			inputPaths = (
			);
			name = "[CP] Embed Pods Frameworks";
			outputPaths = (
			);
			runOnlyForDeploymentPostprocessing = 0;
			shellPath = /bin/sh;
			shellScript = "\"${SRCROOT}/Pods/Target Support Files/Pods-KZ_AudioConverter/Pods-KZ_AudioConverter-frameworks.sh\"\n";
			showEnvVarsInLog = 0;
		};
		5773FF6C97C74563874C353E /* [CP] Check Pods Manifest.lock */ = {
			isa = PBXShellScriptBuildPhase;
			buildActionMask = 2147483647;
			files = (
			);
			inputPaths = (
				"${PODS_PODFILE_DIR_PATH}/Podfile.lock",
				"${PODS_ROOT}/Manifest.lock",
			);
			name = "[CP] Check Pods Manifest.lock";
			outputPaths = (
				"$(DERIVED_FILE_DIR)/Pods-KZ_AudioConverter-checkManifestLockResult.txt",
			);
			runOnlyForDeploymentPostprocessing = 0;
			shellPath = /bin/sh;
			shellScript = "diff \"${PODS_PODFILE_DIR_PATH}/Podfile.lock\" \"${PODS_ROOT}/Manifest.lock\" > /dev/null\nif [ $? != 0 ] ; then\n    # print error to STDERR\n    echo \"error: The sandbox is not in sync with the Podfile.lock. Run 'pod install' or update your CocoaPods installation.\" >&2\n    exit 1\nfi\n# This output is used by Xcode 'outputs' to avoid re-running this script phase.\necho \"SUCCESS\" > \"${SCRIPT_OUTPUT_FILE_0}\"\n";
			showEnvVarsInLog = 0;
		};
		95D509480C33884995E429E7 /* [CP] Copy Pods Resources */ = {
			isa = PBXShellScriptBuildPhase;
			buildActionMask = 2147483647;
			files = (
			);
			inputPaths = (
			);
			name = "[CP] Copy Pods Resources";
			outputPaths = (
			);
			runOnlyForDeploymentPostprocessing = 0;
			shellPath = /bin/sh;
			shellScript = "\"${SRCROOT}/Pods/Target Support Files/Pods-KZ_AudioConverter/Pods-KZ_AudioConverter-resources.sh\"\n";
			showEnvVarsInLog = 0;
		};
/* End PBXShellScriptBuildPhase section */

/* Begin PBXSourcesBuildPhase section */
		AE0D1CF31F7CE362000160DB /* Sources */ = {
			isa = PBXSourcesBuildPhase;
			buildActionMask = 2147483647;
			files = (
				AE0D1CFF1F7CE362000160DB /* ViewController.m in Sources */,
				AE0D1D0A1F7CE362000160DB /* main.m in Sources */,
				AE0D1CFC1F7CE362000160DB /* AppDelegate.m in Sources */,
			);
			runOnlyForDeploymentPostprocessing = 0;
		};
/* End PBXSourcesBuildPhase section */

/* Begin PBXVariantGroup section */
		AE0D1D001F7CE362000160DB /* Main.storyboard */ = {
			isa = PBXVariantGroup;
			children = (
				AE0D1D011F7CE362000160DB /* Base */,
			);
			name = Main.storyboard;
			sourceTree = "<group>";
		};
		AE0D1D051F7CE362000160DB /* LaunchScreen.storyboard */ = {
			isa = PBXVariantGroup;
			children = (
				AE0D1D061F7CE362000160DB /* Base */,
			);
			name = LaunchScreen.storyboard;
			sourceTree = "<group>";
		};
/* End PBXVariantGroup section */

/* Begin XCBuildConfiguration section */
		AE0D1D0B1F7CE362000160DB /* Debug */ = {
			isa = XCBuildConfiguration;
			buildSettings = {
				ALWAYS_SEARCH_USER_PATHS = NO;
				CLANG_ANALYZER_NONNULL = YES;
				CLANG_ANALYZER_NUMBER_OBJECT_CONVERSION = YES_AGGRESSIVE;
				CLANG_CXX_LANGUAGE_STANDARD = "gnu++14";
				CLANG_CXX_LIBRARY = "libc++";
				CLANG_ENABLE_MODULES = YES;
				CLANG_ENABLE_OBJC_ARC = YES;
				CLANG_WARN_BLOCK_CAPTURE_AUTORELEASING = YES;
				CLANG_WARN_BOOL_CONVERSION = YES;
				CLANG_WARN_COMMA = YES;
				CLANG_WARN_CONSTANT_CONVERSION = YES;
				CLANG_WARN_DIRECT_OBJC_ISA_USAGE = YES_ERROR;
				CLANG_WARN_DOCUMENTATION_COMMENTS = YES;
				CLANG_WARN_EMPTY_BODY = YES;
				CLANG_WARN_ENUM_CONVERSION = YES;
				CLANG_WARN_INFINITE_RECURSION = YES;
				CLANG_WARN_INT_CONVERSION = YES;
				CLANG_WARN_NON_LITERAL_NULL_CONVERSION = YES;
				CLANG_WARN_OBJC_LITERAL_CONVERSION = YES;
				CLANG_WARN_OBJC_ROOT_CLASS = YES_ERROR;
				CLANG_WARN_RANGE_LOOP_ANALYSIS = YES;
				CLANG_WARN_STRICT_PROTOTYPES = YES;
				CLANG_WARN_SUSPICIOUS_MOVE = YES;
				CLANG_WARN_UNGUARDED_AVAILABILITY = YES_AGGRESSIVE;
				CLANG_WARN_UNREACHABLE_CODE = YES;
				CLANG_WARN__DUPLICATE_METHOD_MATCH = YES;
				CODE_SIGN_IDENTITY = "iPhone Developer";
				COPY_PHASE_STRIP = NO;
				DEBUG_INFORMATION_FORMAT = dwarf;
				ENABLE_STRICT_OBJC_MSGSEND = YES;
				ENABLE_TESTABILITY = YES;
				GCC_C_LANGUAGE_STANDARD = gnu11;
				GCC_DYNAMIC_NO_PIC = NO;
				GCC_NO_COMMON_BLOCKS = YES;
				GCC_OPTIMIZATION_LEVEL = 0;
				GCC_PREPROCESSOR_DEFINITIONS = (
					"DEBUG=1",
					"$(inherited)",
				);
				GCC_WARN_64_TO_32_BIT_CONVERSION = YES;
				GCC_WARN_ABOUT_RETURN_TYPE = YES_ERROR;
				GCC_WARN_UNDECLARED_SELECTOR = YES;
				GCC_WARN_UNINITIALIZED_AUTOS = YES_AGGRESSIVE;
				GCC_WARN_UNUSED_FUNCTION = YES;
				GCC_WARN_UNUSED_VARIABLE = YES;
				IPHONEOS_DEPLOYMENT_TARGET = 11.0;
				MTL_ENABLE_DEBUG_INFO = YES;
				ONLY_ACTIVE_ARCH = YES;
				SDKROOT = iphoneos;
			};
			name = Debug;
		};
		AE0D1D0C1F7CE362000160DB /* Release */ = {
			isa = XCBuildConfiguration;
			buildSettings = {
				ALWAYS_SEARCH_USER_PATHS = NO;
				CLANG_ANALYZER_NONNULL = YES;
				CLANG_ANALYZER_NUMBER_OBJECT_CONVERSION = YES_AGGRESSIVE;
				CLANG_CXX_LANGUAGE_STANDARD = "gnu++14";
				CLANG_CXX_LIBRARY = "libc++";
				CLANG_ENABLE_MODULES = YES;
				CLANG_ENABLE_OBJC_ARC = YES;
				CLANG_WARN_BLOCK_CAPTURE_AUTORELEASING = YES;
				CLANG_WARN_BOOL_CONVERSION = YES;
				CLANG_WARN_COMMA = YES;
				CLANG_WARN_CONSTANT_CONVERSION = YES;
				CLANG_WARN_DIRECT_OBJC_ISA_USAGE = YES_ERROR;
				CLANG_WARN_DOCUMENTATION_COMMENTS = YES;
				CLANG_WARN_EMPTY_BODY = YES;
				CLANG_WARN_ENUM_CONVERSION = YES;
				CLANG_WARN_INFINITE_RECURSION = YES;
				CLANG_WARN_INT_CONVERSION = YES;
				CLANG_WARN_NON_LITERAL_NULL_CONVERSION = YES;
				CLANG_WARN_OBJC_LITERAL_CONVERSION = YES;
				CLANG_WARN_OBJC_ROOT_CLASS = YES_ERROR;
				CLANG_WARN_RANGE_LOOP_ANALYSIS = YES;
				CLANG_WARN_STRICT_PROTOTYPES = YES;
				CLANG_WARN_SUSPICIOUS_MOVE = YES;
				CLANG_WARN_UNGUARDED_AVAILABILITY = YES_AGGRESSIVE;
				CLANG_WARN_UNREACHABLE_CODE = YES;
				CLANG_WARN__DUPLICATE_METHOD_MATCH = YES;
				CODE_SIGN_IDENTITY = "iPhone Developer";
				COPY_PHASE_STRIP = NO;
				DEBUG_INFORMATION_FORMAT = "dwarf-with-dsym";
				ENABLE_NS_ASSERTIONS = NO;
				ENABLE_STRICT_OBJC_MSGSEND = YES;
				GCC_C_LANGUAGE_STANDARD = gnu11;
				GCC_NO_COMMON_BLOCKS = YES;
				GCC_WARN_64_TO_32_BIT_CONVERSION = YES;
				GCC_WARN_ABOUT_RETURN_TYPE = YES_ERROR;
				GCC_WARN_UNDECLARED_SELECTOR = YES;
				GCC_WARN_UNINITIALIZED_AUTOS = YES_AGGRESSIVE;
				GCC_WARN_UNUSED_FUNCTION = YES;
				GCC_WARN_UNUSED_VARIABLE = YES;
				IPHONEOS_DEPLOYMENT_TARGET = 11.0;
				MTL_ENABLE_DEBUG_INFO = NO;
				SDKROOT = iphoneos;
				VALIDATE_PRODUCT = YES;
			};
			name = Release;
		};
		AE0D1D0E1F7CE362000160DB /* Debug */ = {
			isa = XCBuildConfiguration;
			baseConfigurationReference = 063E728CBAC9134A10BB5AE7 /* Pods-KZ_AudioConverter.debug.xcconfig */;
			buildSettings = {
				ASSETCATALOG_COMPILER_APPICON_NAME = AppIcon;
				ASSETCATALOG_COMPILER_LAUNCHIMAGE_NAME = LaunchImage;
				CODE_SIGN_STYLE = Automatic;
				DEVELOPMENT_TEAM = TGTFTDLM8G;
				ENABLE_BITCODE = NO;
				FRAMEWORK_SEARCH_PATHS = (
					"$(inherited)",
					"$(PROJECT_DIR)/KZ_AudioConverter/AudioConverter",
				);
				INFOPLIST_FILE = KZ_AudioConverter/Info.plist;
				IPHONEOS_DEPLOYMENT_TARGET = 8.0;
				LD_RUNPATH_SEARCH_PATHS = "$(inherited) @executable_path/Frameworks";
				PRODUCT_BUNDLE_IDENTIFIER = com.kieronzhang.AudioConverter;
				PRODUCT_NAME = "$(TARGET_NAME)";
				TARGETED_DEVICE_FAMILY = "1,2";
			};
			name = Debug;
		};
		AE0D1D0F1F7CE362000160DB /* Release */ = {
			isa = XCBuildConfiguration;
			baseConfigurationReference = 2A4C839CEACF4767856DB0D2 /* Pods-KZ_AudioConverter.release.xcconfig */;
			buildSettings = {
				ASSETCATALOG_COMPILER_APPICON_NAME = AppIcon;
				ASSETCATALOG_COMPILER_LAUNCHIMAGE_NAME = LaunchImage;
				CODE_SIGN_STYLE = Automatic;
				DEVELOPMENT_TEAM = TGTFTDLM8G;
				ENABLE_BITCODE = NO;
				FRAMEWORK_SEARCH_PATHS = (
					"$(inherited)",
					"$(PROJECT_DIR)/KZ_AudioConverter/AudioConverter",
				);
				INFOPLIST_FILE = KZ_AudioConverter/Info.plist;
				IPHONEOS_DEPLOYMENT_TARGET = 8.0;
				LD_RUNPATH_SEARCH_PATHS = "$(inherited) @executable_path/Frameworks";
				PRODUCT_BUNDLE_IDENTIFIER = com.kieronzhang.AudioConverter;
				PRODUCT_NAME = "$(TARGET_NAME)";
				TARGETED_DEVICE_FAMILY = "1,2";
			};
			name = Release;
		};
/* End XCBuildConfiguration section */

/* Begin XCConfigurationList section */
		AE0D1CF21F7CE362000160DB /* Build configuration list for PBXProject "KZ_AudioConverter" */ = {
			isa = XCConfigurationList;
			buildConfigurations = (
				AE0D1D0B1F7CE362000160DB /* Debug */,
				AE0D1D0C1F7CE362000160DB /* Release */,
			);
			defaultConfigurationIsVisible = 0;
			defaultConfigurationName = Release;
		};
		AE0D1D0D1F7CE362000160DB /* Build configuration list for PBXNativeTarget "KZ_AudioConverter" */ = {
			isa = XCConfigurationList;
			buildConfigurations = (
				AE0D1D0E1F7CE362000160DB /* Debug */,
				AE0D1D0F1F7CE362000160DB /* Release */,
			);
			defaultConfigurationIsVisible = 0;
			defaultConfigurationName = Release;
		};
/* End XCConfigurationList section */
	};
	rootObject = AE0D1CEF1F7CE362000160DB /* Project object */;
}
