// !$*UTF8*$!
{
	archiveVersion = 1;
	classes = {
	};
	objectVersion = 50;
	objects = {

/* Begin PBXBuildFile section */
		99BB78484EA968D69C6A02F5 /* Pods_KZ_AudioConverter_iOS.framework in Frameworks */ = {isa = PBXBuildFile; fileRef = D39D9EEBFC5CD6ECDB420685 /* Pods_KZ_AudioConverter_iOS.framework */; };
		AEC62DC020A0797200DFC8B9 /* AppDelegate.m in Sources */ = {isa = PBXBuildFile; fileRef = AEC62DBF20A0797200DFC8B9 /* AppDelegate.m */; };
		AEC62DC320A0797200DFC8B9 /* ViewController.m in Sources */ = {isa = PBXBuildFile; fileRef = AEC62DC220A0797200DFC8B9 /* ViewController.m */; };
		AEC62DC620A0797200DFC8B9 /* Main.storyboard in Resources */ = {isa = PBXBuildFile; fileRef = AEC62DC420A0797200DFC8B9 /* Main.storyboard */; };
		AEC62DC820A0797300DFC8B9 /* Assets.xcassets in Resources */ = {isa = PBXBuildFile; fileRef = AEC62DC720A0797300DFC8B9 /* Assets.xcassets */; };
		AEC62DCB20A0797300DFC8B9 /* LaunchScreen.storyboard in Resources */ = {isa = PBXBuildFile; fileRef = AEC62DC920A0797300DFC8B9 /* LaunchScreen.storyboard */; };
		AEC62DCE20A0797300DFC8B9 /* main.m in Sources */ = {isa = PBXBuildFile; fileRef = AEC62DCD20A0797300DFC8B9 /* main.m */; };
		AEC62DD420A079B700DFC8B9 /* KZ_AudioConverter_iOS.framework in Frameworks */ = {isa = PBXBuildFile; fileRef = AEC62DD320A079B700DFC8B9 /* KZ_AudioConverter_iOS.framework */; };
		AEC62DD620A07A6300DFC8B9 /* libc++.tbd in Frameworks */ = {isa = PBXBuildFile; fileRef = AEC62DD520A07A6300DFC8B9 /* libc++.tbd */; };
		AEC62DDA20A07B4C00DFC8B9 /* 001.amr in Resources */ = {isa = PBXBuildFile; fileRef = AEC62DD920A07B4C00DFC8B9 /* 001.amr */; };
/* End PBXBuildFile section */

/* Begin PBXFileReference section */
		007E14037A4CF777FE8CE7AA /* Pods-KZ_AudioConverter_iOS.debug.xcconfig */ = {isa = PBXFileReference; includeInIndex = 1; lastKnownFileType = text.xcconfig; name = "Pods-KZ_AudioConverter_iOS.debug.xcconfig"; path = "Pods/Target Support Files/Pods-KZ_AudioConverter_iOS/Pods-KZ_AudioConverter_iOS.debug.xcconfig"; sourceTree = "<group>"; };
		AEC62DBC20A0797200DFC8B9 /* KZ_AudioConverter_iOS.app */ = {isa = PBXFileReference; explicitFileType = wrapper.application; includeInIndex = 0; path = KZ_AudioConverter_iOS.app; sourceTree = BUILT_PRODUCTS_DIR; };
		AEC62DBE20A0797200DFC8B9 /* AppDelegate.h */ = {isa = PBXFileReference; lastKnownFileType = sourcecode.c.h; path = AppDelegate.h; sourceTree = "<group>"; };
		AEC62DBF20A0797200DFC8B9 /* AppDelegate.m */ = {isa = PBXFileReference; lastKnownFileType = sourcecode.c.objc; path = AppDelegate.m; sourceTree = "<group>"; };
		AEC62DC120A0797200DFC8B9 /* ViewController.h */ = {isa = PBXFileReference; lastKnownFileType = sourcecode.c.h; path = ViewController.h; sourceTree = "<group>"; };
		AEC62DC220A0797200DFC8B9 /* ViewController.m */ = {isa = PBXFileReference; lastKnownFileType = sourcecode.c.objc; path = ViewController.m; sourceTree = "<group>"; };
		AEC62DC520A0797200DFC8B9 /* Base */ = {isa = PBXFileReference; lastKnownFileType = file.storyboard; name = Base; path = Base.lproj/Main.storyboard; sourceTree = "<group>"; };
		AEC62DC720A0797300DFC8B9 /* Assets.xcassets */ = {isa = PBXFileReference; lastKnownFileType = folder.assetcatalog; path = Assets.xcassets; sourceTree = "<group>"; };
		AEC62DCA20A0797300DFC8B9 /* Base */ = {isa = PBXFileReference; lastKnownFileType = file.storyboard; name = Base; path = Base.lproj/LaunchScreen.storyboard; sourceTree = "<group>"; };
		AEC62DCC20A0797300DFC8B9 /* Info.plist */ = {isa = PBXFileReference; lastKnownFileType = text.plist.xml; path = Info.plist; sourceTree = "<group>"; };
		AEC62DCD20A0797300DFC8B9 /* main.m */ = {isa = PBXFileReference; lastKnownFileType = sourcecode.c.objc; path = main.m; sourceTree = "<group>"; };
		AEC62DD320A079B700DFC8B9 /* KZ_AudioConverter_iOS.framework */ = {isa = PBXFileReference; lastKnownFileType = wrapper.framework; path = KZ_AudioConverter_iOS.framework; sourceTree = "<group>"; };
		AEC62DD520A07A6300DFC8B9 /* libc++.tbd */ = {isa = PBXFileReference; lastKnownFileType = "sourcecode.text-based-dylib-definition"; name = "libc++.tbd"; path = "usr/lib/libc++.tbd"; sourceTree = SDKROOT; };
		AEC62DD920A07B4C00DFC8B9 /* 001.amr */ = {isa = PBXFileReference; lastKnownFileType = file; path = 001.amr; sourceTree = "<group>"; };
		C9D1B5AB49E52047CF578FA4 /* Pods-KZ_AudioConverter_iOS.release.xcconfig */ = {isa = PBXFileReference; includeInIndex = 1; lastKnownFileType = text.xcconfig; name = "Pods-KZ_AudioConverter_iOS.release.xcconfig"; path = "Pods/Target Support Files/Pods-KZ_AudioConverter_iOS/Pods-KZ_AudioConverter_iOS.release.xcconfig"; sourceTree = "<group>"; };
		D39D9EEBFC5CD6ECDB420685 /* Pods_KZ_AudioConverter_iOS.framework */ = {isa = PBXFileReference; explicitFileType = wrapper.framework; includeInIndex = 0; path = Pods_KZ_AudioConverter_iOS.framework; sourceTree = BUILT_PRODUCTS_DIR; };
/* End PBXFileReference section */

/* Begin PBXFrameworksBuildPhase section */
		AEC62DB920A0797200DFC8B9 /* Frameworks */ = {
			isa = PBXFrameworksBuildPhase;
			buildActionMask = 2147483647;
			files = (
				AEC62DD620A07A6300DFC8B9 /* libc++.tbd in Frameworks */,
				AEC62DD420A079B700DFC8B9 /* KZ_AudioConverter_iOS.framework in Frameworks */,
				99BB78484EA968D69C6A02F5 /* Pods_KZ_AudioConverter_iOS.framework in Frameworks */,
			);
			runOnlyForDeploymentPostprocessing = 0;
		};
/* End PBXFrameworksBuildPhase section */

/* Begin PBXGroup section */
		990CD97AFD2067408E174212 /* Pods */ = {
			isa = PBXGroup;
			children = (
				007E14037A4CF777FE8CE7AA /* Pods-KZ_AudioConverter_iOS.debug.xcconfig */,
				C9D1B5AB49E52047CF578FA4 /* Pods-KZ_AudioConverter_iOS.release.xcconfig */,
			);
			name = Pods;
			sourceTree = "<group>";
		};
		AEC62D9620A0796700DFC8B9 = {
			isa = PBXGroup;
			children = (
				AEC62DBD20A0797200DFC8B9 /* KZ_AudioConverter_iOS */,
				AEC62DA020A0796700DFC8B9 /* Products */,
				990CD97AFD2067408E174212 /* Pods */,
				C9C46AA2F35ADF826C78CFA1 /* Frameworks */,
			);
			sourceTree = "<group>";
		};
		AEC62DA020A0796700DFC8B9 /* Products */ = {
			isa = PBXGroup;
			children = (
				AEC62DBC20A0797200DFC8B9 /* KZ_AudioConverter_iOS.app */,
			);
			name = Products;
			sourceTree = "<group>";
		};
		AEC62DBD20A0797200DFC8B9 /* KZ_AudioConverter_iOS */ = {
			isa = PBXGroup;
			children = (
				AEC62DBE20A0797200DFC8B9 /* AppDelegate.h */,
				AEC62DBF20A0797200DFC8B9 /* AppDelegate.m */,
				AEC62DC120A0797200DFC8B9 /* ViewController.h */,
				AEC62DC220A0797200DFC8B9 /* ViewController.m */,
				AEC62DD920A07B4C00DFC8B9 /* 001.amr */,
				AEC62DD220A079B700DFC8B9 /* AudioConverter */,
				AEC62DC420A0797200DFC8B9 /* Main.storyboard */,
				AEC62DC720A0797300DFC8B9 /* Assets.xcassets */,
				AEC62DC920A0797300DFC8B9 /* LaunchScreen.storyboard */,
				AEC62DCC20A0797300DFC8B9 /* Info.plist */,
				AEC62DCD20A0797300DFC8B9 /* main.m */,
			);
			path = KZ_AudioConverter_iOS;
			sourceTree = "<group>";
		};
		AEC62DD220A079B700DFC8B9 /* AudioConverter */ = {
			isa = PBXGroup;
			children = (
				AEC62DD320A079B700DFC8B9 /* KZ_AudioConverter_iOS.framework */,
			);
			path = AudioConverter;
			sourceTree = "<group>";
		};
		C9C46AA2F35ADF826C78CFA1 /* Frameworks */ = {
			isa = PBXGroup;
			children = (
				AEC62DD520A07A6300DFC8B9 /* libc++.tbd */,
				D39D9EEBFC5CD6ECDB420685 /* Pods_KZ_AudioConverter_iOS.framework */,
			);
			name = Frameworks;
			sourceTree = "<group>";
		};
/* End PBXGroup section */

/* Begin PBXNativeTarget section */
		AEC62DBB20A0797200DFC8B9 /* KZ_AudioConverter_iOS */ = {
			isa = PBXNativeTarget;
			buildConfigurationList = AEC62DCF20A0797300DFC8B9 /* Build configuration list for PBXNativeTarget "KZ_AudioConverter_iOS" */;
			buildPhases = (
				083E805C2B9E88C69B8741E1 /* [CP] Check Pods Manifest.lock */,
				AEC62DB820A0797200DFC8B9 /* Sources */,
				AEC62DB920A0797200DFC8B9 /* Frameworks */,
				AEC62DBA20A0797200DFC8B9 /* Resources */,
			);
			buildRules = (
			);
			dependencies = (
			);
			name = KZ_AudioConverter_iOS;
			productName = KZ_AudioConverter_iOS;
			productReference = AEC62DBC20A0797200DFC8B9 /* KZ_AudioConverter_iOS.app */;
			productType = "com.apple.product-type.application";
		};
/* End PBXNativeTarget section */

/* Begin PBXProject section */
		AEC62D9720A0796700DFC8B9 /* Project object */ = {
			isa = PBXProject;
			attributes = {
				LastUpgradeCheck = 0930;
				ORGANIZATIONNAME = "Kieron Zhang";
				TargetAttributes = {
					AEC62DBB20A0797200DFC8B9 = {
						CreatedOnToolsVersion = 9.3;
					};
				};
			};
			buildConfigurationList = AEC62D9A20A0796700DFC8B9 /* Build configuration list for PBXProject "KZ_AudioConverter" */;
			compatibilityVersion = "Xcode 9.3";
			developmentRegion = en;
			hasScannedForEncodings = 0;
			knownRegions = (
				en,
				Base,
			);
			mainGroup = AEC62D9620A0796700DFC8B9;
			productRefGroup = AEC62DA020A0796700DFC8B9 /* Products */;
			projectDirPath = "";
			projectRoot = "";
			targets = (
				AEC62DBB20A0797200DFC8B9 /* KZ_AudioConverter_iOS */,
			);
		};
/* End PBXProject section */

/* Begin PBXResourcesBuildPhase section */
		AEC62DBA20A0797200DFC8B9 /* Resources */ = {
			isa = PBXResourcesBuildPhase;
			buildActionMask = 2147483647;
			files = (
				AEC62DCB20A0797300DFC8B9 /* LaunchScreen.storyboard in Resources */,
				AEC62DC820A0797300DFC8B9 /* Assets.xcassets in Resources */,
				AEC62DDA20A07B4C00DFC8B9 /* 001.amr in Resources */,
				AEC62DC620A0797200DFC8B9 /* Main.storyboard in Resources */,
			);
			runOnlyForDeploymentPostprocessing = 0;
		};
/* End PBXResourcesBuildPhase section */

/* Begin PBXShellScriptBuildPhase section */
		083E805C2B9E88C69B8741E1 /* [CP] Check Pods Manifest.lock */ = {
			isa = PBXShellScriptBuildPhase;
			buildActionMask = 2147483647;
			files = (
			);
			inputPaths = (
				"${PODS_PODFILE_DIR_PATH}/Podfile.lock",
				"${PODS_ROOT}/Manifest.lock",
			);
			name = "[CP] Check Pods Manifest.lock";
			outputPaths = (
				"$(DERIVED_FILE_DIR)/Pods-KZ_AudioConverter_iOS-checkManifestLockResult.txt",
			);
			runOnlyForDeploymentPostprocessing = 0;
			shellPath = /bin/sh;
			shellScript = "diff \"${PODS_PODFILE_DIR_PATH}/Podfile.lock\" \"${PODS_ROOT}/Manifest.lock\" > /dev/null\nif [ $? != 0 ] ; then\n    # print error to STDERR\n    echo \"error: The sandbox is not in sync with the Podfile.lock. Run 'pod install' or update your CocoaPods installation.\" >&2\n    exit 1\nfi\n# This output is used by Xcode 'outputs' to avoid re-running this script phase.\necho \"SUCCESS\" > \"${SCRIPT_OUTPUT_FILE_0}\"\n";
			showEnvVarsInLog = 0;
		};
/* End PBXShellScriptBuildPhase section */

/* Begin PBXSourcesBuildPhase section */
		AEC62DB820A0797200DFC8B9 /* Sources */ = {
			isa = PBXSourcesBuildPhase;
			buildActionMask = 2147483647;
			files = (
				AEC62DC320A0797200DFC8B9 /* ViewController.m in Sources */,
				AEC62DCE20A0797300DFC8B9 /* main.m in Sources */,
				AEC62DC020A0797200DFC8B9 /* AppDelegate.m in Sources */,
			);
			runOnlyForDeploymentPostprocessing = 0;
		};
/* End PBXSourcesBuildPhase section */

/* Begin PBXVariantGroup section */
		AEC62DC420A0797200DFC8B9 /* Main.storyboard */ = {
			isa = PBXVariantGroup;
			children = (
				AEC62DC520A0797200DFC8B9 /* Base */,
			);
			name = Main.storyboard;
			sourceTree = "<group>";
		};
		AEC62DC920A0797300DFC8B9 /* LaunchScreen.storyboard */ = {
			isa = PBXVariantGroup;
			children = (
				AEC62DCA20A0797300DFC8B9 /* Base */,
			);
			name = LaunchScreen.storyboard;
			sourceTree = "<group>";
		};
/* End PBXVariantGroup section */

/* Begin XCBuildConfiguration section */
		AEC62DB320A0796800DFC8B9 /* Debug */ = {
			isa = XCBuildConfiguration;
			buildSettings = {
				ALWAYS_SEARCH_USER_PATHS = NO;
				CLANG_ANALYZER_NONNULL = YES;
				CLANG_ANALYZER_NUMBER_OBJECT_CONVERSION = YES_AGGRESSIVE;
				CLANG_CXX_LANGUAGE_STANDARD = "gnu++14";
				CLANG_CXX_LIBRARY = "libc++";
				CLANG_ENABLE_MODULES = YES;
				CLANG_ENABLE_OBJC_ARC = YES;
				CLANG_ENABLE_OBJC_WEAK = YES;
				CLANG_WARN_BLOCK_CAPTURE_AUTORELEASING = YES;
				CLANG_WARN_BOOL_CONVERSION = YES;
				CLANG_WARN_COMMA = YES;
				CLANG_WARN_CONSTANT_CONVERSION = YES;
				CLANG_WARN_DEPRECATED_OBJC_IMPLEMENTATIONS = YES;
				CLANG_WARN_DIRECT_OBJC_ISA_USAGE = YES_ERROR;
				CLANG_WARN_DOCUMENTATION_COMMENTS = YES;
				CLANG_WARN_EMPTY_BODY = YES;
				CLANG_WARN_ENUM_CONVERSION = YES;
				CLANG_WARN_INFINITE_RECURSION = YES;
				CLANG_WARN_INT_CONVERSION = YES;
				CLANG_WARN_NON_LITERAL_NULL_CONVERSION = YES;
				CLANG_WARN_OBJC_IMPLICIT_RETAIN_SELF = YES;
				CLANG_WARN_OBJC_LITERAL_CONVERSION = YES;
				CLANG_WARN_OBJC_ROOT_CLASS = YES_ERROR;
				CLANG_WARN_RANGE_LOOP_ANALYSIS = YES;
				CLANG_WARN_STRICT_PROTOTYPES = YES;
				CLANG_WARN_SUSPICIOUS_MOVE = YES;
				CLANG_WARN_UNGUARDED_AVAILABILITY = YES_AGGRESSIVE;
				CLANG_WARN_UNREACHABLE_CODE = YES;
				CLANG_WARN__DUPLICATE_METHOD_MATCH = YES;
				CODE_SIGN_IDENTITY = "iPhone Developer";
				COPY_PHASE_STRIP = NO;
				DEBUG_INFORMATION_FORMAT = dwarf;
				ENABLE_STRICT_OBJC_MSGSEND = YES;
				ENABLE_TESTABILITY = YES;
				GCC_C_LANGUAGE_STANDARD = gnu11;
				GCC_DYNAMIC_NO_PIC = NO;
				GCC_NO_COMMON_BLOCKS = YES;
				GCC_OPTIMIZATION_LEVEL = 0;
				GCC_PREPROCESSOR_DEFINITIONS = (
					"DEBUG=1",
					"$(inherited)",
				);
				GCC_WARN_64_TO_32_BIT_CONVERSION = YES;
				GCC_WARN_ABOUT_RETURN_TYPE = YES_ERROR;
				GCC_WARN_UNDECLARED_SELECTOR = YES;
				GCC_WARN_UNINITIALIZED_AUTOS = YES_AGGRESSIVE;
				GCC_WARN_UNUSED_FUNCTION = YES;
				GCC_WARN_UNUSED_VARIABLE = YES;
				IPHONEOS_DEPLOYMENT_TARGET = 8.0;
				MTL_ENABLE_DEBUG_INFO = YES;
				ONLY_ACTIVE_ARCH = YES;
				SDKROOT = iphoneos;
			};
			name = Debug;
		};
		AEC62DB420A0796800DFC8B9 /* Release */ = {
			isa = XCBuildConfiguration;
			buildSettings = {
				ALWAYS_SEARCH_USER_PATHS = NO;
				CLANG_ANALYZER_NONNULL = YES;
				CLANG_ANALYZER_NUMBER_OBJECT_CONVERSION = YES_AGGRESSIVE;
				CLANG_CXX_LANGUAGE_STANDARD = "gnu++14";
				CLANG_CXX_LIBRARY = "libc++";
				CLANG_ENABLE_MODULES = YES;
				CLANG_ENABLE_OBJC_ARC = YES;
				CLANG_ENABLE_OBJC_WEAK = YES;
				CLANG_WARN_BLOCK_CAPTURE_AUTORELEASING = YES;
				CLANG_WARN_BOOL_CONVERSION = YES;
				CLANG_WARN_COMMA = YES;
				CLANG_WARN_CONSTANT_CONVERSION = YES;
				CLANG_WARN_DEPRECATED_OBJC_IMPLEMENTATIONS = YES;
				CLANG_WARN_DIRECT_OBJC_ISA_USAGE = YES_ERROR;
				CLANG_WARN_DOCUMENTATION_COMMENTS = YES;
				CLANG_WARN_EMPTY_BODY = YES;
				CLANG_WARN_ENUM_CONVERSION = YES;
				CLANG_WARN_INFINITE_RECURSION = YES;
				CLANG_WARN_INT_CONVERSION = YES;
				CLANG_WARN_NON_LITERAL_NULL_CONVERSION = YES;
				CLANG_WARN_OBJC_IMPLICIT_RETAIN_SELF = YES;
				CLANG_WARN_OBJC_LITERAL_CONVERSION = YES;
				CLANG_WARN_OBJC_ROOT_CLASS = YES_ERROR;
				CLANG_WARN_RANGE_LOOP_ANALYSIS = YES;
				CLANG_WARN_STRICT_PROTOTYPES = YES;
				CLANG_WARN_SUSPICIOUS_MOVE = YES;
				CLANG_WARN_UNGUARDED_AVAILABILITY = YES_AGGRESSIVE;
				CLANG_WARN_UNREACHABLE_CODE = YES;
				CLANG_WARN__DUPLICATE_METHOD_MATCH = YES;
				CODE_SIGN_IDENTITY = "iPhone Developer";
				COPY_PHASE_STRIP = NO;
				DEBUG_INFORMATION_FORMAT = "dwarf-with-dsym";
				ENABLE_NS_ASSERTIONS = NO;
				ENABLE_STRICT_OBJC_MSGSEND = YES;
				GCC_C_LANGUAGE_STANDARD = gnu11;
				GCC_NO_COMMON_BLOCKS = YES;
				GCC_WARN_64_TO_32_BIT_CONVERSION = YES;
				GCC_WARN_ABOUT_RETURN_TYPE = YES_ERROR;
				GCC_WARN_UNDECLARED_SELECTOR = YES;
				GCC_WARN_UNINITIALIZED_AUTOS = YES_AGGRESSIVE;
				GCC_WARN_UNUSED_FUNCTION = YES;
				GCC_WARN_UNUSED_VARIABLE = YES;
				IPHONEOS_DEPLOYMENT_TARGET = 8.0;
				MTL_ENABLE_DEBUG_INFO = NO;
				SDKROOT = iphoneos;
				VALIDATE_PRODUCT = YES;
			};
			name = Release;
		};
		AEC62DD020A0797300DFC8B9 /* Debug */ = {
			isa = XCBuildConfiguration;
			baseConfigurationReference = 007E14037A4CF777FE8CE7AA /* Pods-KZ_AudioConverter_iOS.debug.xcconfig */;
			buildSettings = {
				ASSETCATALOG_COMPILER_APPICON_NAME = AppIcon;
				ASSETCATALOG_COMPILER_LAUNCHIMAGE_NAME = LaunchImage;
				CODE_SIGN_STYLE = Automatic;
				DEVELOPMENT_TEAM = TGTFTDLM8G;
				ENABLE_BITCODE = NO;
				FRAMEWORK_SEARCH_PATHS = (
					"$(inherited)",
					"$(PROJECT_DIR)/KZ_AudioConverter_iOS/AudioConverter",
				);
				INFOPLIST_FILE = KZ_AudioConverter_iOS/Info.plist;
				IPHONEOS_DEPLOYMENT_TARGET = 8.0;
				LD_RUNPATH_SEARCH_PATHS = (
					"$(inherited)",
					"@executable_path/Frameworks",
				);
				OTHER_LDFLAGS = (
					"$(inherited)",
					"-ObjC",
				);
				PRODUCT_BUNDLE_IDENTIFIER = "com.kieronzhang.KZ-AudioConverter-iOS";
				PRODUCT_NAME = "$(TARGET_NAME)";
				TARGETED_DEVICE_FAMILY = 1;
			};
			name = Debug;
		};
		AEC62DD120A0797300DFC8B9 /* Release */ = {
			isa = XCBuildConfiguration;
			baseConfigurationReference = C9D1B5AB49E52047CF578FA4 /* Pods-KZ_AudioConverter_iOS.release.xcconfig */;
			buildSettings = {
				ASSETCATALOG_COMPILER_APPICON_NAME = AppIcon;
				ASSETCATALOG_COMPILER_LAUNCHIMAGE_NAME = LaunchImage;
				CODE_SIGN_STYLE = Automatic;
				DEVELOPMENT_TEAM = TGTFTDLM8G;
				ENABLE_BITCODE = NO;
				FRAMEWORK_SEARCH_PATHS = (
					"$(inherited)",
					"$(PROJECT_DIR)/KZ_AudioConverter_iOS/AudioConverter",
				);
				INFOPLIST_FILE = KZ_AudioConverter_iOS/Info.plist;
				IPHONEOS_DEPLOYMENT_TARGET = 8.0;
				LD_RUNPATH_SEARCH_PATHS = (
					"$(inherited)",
					"@executable_path/Frameworks",
				);
				OTHER_LDFLAGS = (
					"$(inherited)",
					"-ObjC",
				);
				PRODUCT_BUNDLE_IDENTIFIER = "com.kieronzhang.KZ-AudioConverter-iOS";
				PRODUCT_NAME = "$(TARGET_NAME)";
				TARGETED_DEVICE_FAMILY = 1;
			};
			name = Release;
		};
/* End XCBuildConfiguration section */

/* Begin XCConfigurationList section */
		AEC62D9A20A0796700DFC8B9 /* Build configuration list for PBXProject "KZ_AudioConverter" */ = {
			isa = XCConfigurationList;
			buildConfigurations = (
				AEC62DB320A0796800DFC8B9 /* Debug */,
				AEC62DB420A0796800DFC8B9 /* Release */,
			);
			defaultConfigurationIsVisible = 0;
			defaultConfigurationName = Release;
		};
		AEC62DCF20A0797300DFC8B9 /* Build configuration list for PBXNativeTarget "KZ_AudioConverter_iOS" */ = {
			isa = XCConfigurationList;
			buildConfigurations = (
				AEC62DD020A0797300DFC8B9 /* Debug */,
				AEC62DD120A0797300DFC8B9 /* Release */,
			);
			defaultConfigurationIsVisible = 0;
			defaultConfigurationName = Release;
		};
/* End XCConfigurationList section */
	};
	rootObject = AEC62D9720A0796700DFC8B9 /* Project object */;
}
